
Microsoft Visual Studio Solution File, Format Version 12.00
# Visual Studio Version 17
VisualStudioVersion = 17.12.35514.174 d17.12
MinimumVisualStudioVersion = 10.0.40219.1
Project("{FAE04EC0-301F-11D3-BF4B-00C04F79EFBC}") = "playstore", "playstore.csproj", "{51FD3F4F-9EFD-41A4-81BE-4480430C082B}"
EndProject
Global
	GlobalSection(SolutionConfigurationPlatforms) = preSolution
		Debug|Any CPU = Debug|Any CPU
		Release|Any CPU = Release|Any CPU
	EndGlobalSection
	GlobalSection(ProjectConfigurationPlatforms) = postSolution
		{51FD3F4F-9EFD-41A4-81BE-4480430C082B}.Debug|Any CPU.ActiveCfg = Debug|Any CPU
		{51FD3F4F-9EFD-41A4-81BE-4480430C082B}.Debug|Any CPU.Build.0 = Debug|Any CPU
		{51FD3F4F-9EFD-41A4-81BE-4480430C082B}.Release|Any CPU.ActiveCfg = Release|Any CPU
		{51FD3F4F-9EFD-41A4-81BE-4480430C082B}.Release|Any CPU.Build.0 = Release|Any CPU
	EndGlobalSection
	GlobalSection(SolutionProperties) = preSolution
		HideSolutionNode = FALSE
	EndGlobalSection
EndGlobal
